
Microsoft Visual Studio Solution File, Format Version 12.00
# Visual Studio Version 17
VisualStudioVersion = 17.1.32319.34
MinimumVisualStudioVersion = 10.0.40219.1
Project("{FAE04EC0-301F-11D3-BF4B-00C04F79EFBC}") = "Notas_Cederj", "Notas_Cederj\Notas_Cederj.csproj", "{EEFAED6A-54F4-4D0C-BD59-B10E237786DD}"
EndProject
Global
	GlobalSection(SolutionConfigurationPlatforms) = preSolution
		Debug|Any CPU = Debug|Any CPU
		Release|Any CPU = Release|Any CPU
	EndGlobalSection
	GlobalSection(ProjectConfigurationPlatforms) = postSolution
		{EEFAED6A-54F4-4D0C-BD59-B10E237786DD}.Debug|Any CPU.ActiveCfg = Debug|Any CPU
		{EEFAED6A-54F4-4D0C-BD59-B10E237786DD}.Debug|Any CPU.Build.0 = Debug|Any CPU
		{EEFAED6A-54F4-4D0C-BD59-B10E237786DD}.Release|Any CPU.ActiveCfg = Release|Any CPU
		{EEFAED6A-54F4-4D0C-BD59-B10E237786DD}.Release|Any CPU.Build.0 = Release|Any CPU
	EndGlobalSection
	GlobalSection(SolutionProperties) = preSolution
		HideSolutionNode = FALSE
	EndGlobalSection
	GlobalSection(ExtensibilityGlobals) = postSolution
		SolutionGuid = {B2316EC1-87C2-4DB3-BB46-FC39C61410EA}
	EndGlobalSection
EndGlobal
